{
  "name": "ordinary-app",
  "version": "1.0.0",
  "lockfileVersion": 3,
  "requires": true,
  "packages": {
    "": {
      "name": "ordinary-app",
      "version": "1.0.0",
      "dependencies": {
        "example-pkg-01": "^1.0.0",
        "example-pkg-02": "^1.0.0",
        "example-pkg-03": "^1.0.0",
        "example-pkg-04": "^1.0.0",
        "example-pkg-05": "^1.0.0",
        "example-pkg-06": "^1.0.0",
        "example-pkg-07": "^1.0.0",
        "example-pkg-08": "^1.0.0",
        "example-pkg-09": "^1.0.0",
        "example-pkg-10": "^1.0.0",
        "example-pkg-11": "^1.0.0",
        "example-pkg-12": "^1.0.0",
        "example-pkg-13": "^1.0.0",
        "example-pkg-14": "^1.0.0",
        "example-pkg-15": "^1.0.0",
        "example-pkg-16": "^1.0.0",
        "example-pkg-17": "^1.0.0",
        "example-pkg-18": "^1.0.0",
        "example-pkg-19": "^1.0.0",
        "example-pkg-20": "^1.0.0",
        "example-pkg-21": "^1.0.0",
        "example-pkg-22": "^1.0.0",
        "example-pkg-23": "^1.0.0",
        "example-pkg-24": "^1.0.0",
        "example-pkg-25": "^1.0.0",
        "example-pkg-26": "^1.0.0",
        "example-pkg-27": "^1.0.0",
        "example-pkg-28": "^1.0.0",
        "example-pkg-29": "^1.0.0",
        "example-pkg-30": "^1.0.0",
        "example-pkg-31": "^1.0.0",
        "example-pkg-32": "^1.0.0",
        "example-pkg-33": "^1.0.0",
        "example-pkg-34": "^1.0.0",
        "example-pkg-35": "^1.0.0",
        "example-pkg-36": "^1.0.0",
        "example-pkg-37": "^1.0.0",
        "example-pkg-38": "^1.0.0",
        "example-pkg-39": "^1.0.0",
        "example-pkg-40": "^1.0.0"
      }
    },
    "node_modules/example-pkg-01": {
      "version": "1.0.0",
      "resolved": "https://registry.npmjs.org/example-pkg-01/-/example-pkg-01-1.0.0.tgz"
    },
    "node_modules/example-pkg-02": {
      "version": "1.0.0",
      "resolved": "https://registry.npmjs.org/example-pkg-02/-/example-pkg-02-1.0.0.tgz"
    },
    "node_modules/example-pkg-03": {
      "version": "1.0.0",
      "resolved": "https://registry.npmjs.org/example-pkg-03/-/example-pkg-03-1.0.0.tgz"
    },
    "node_modules/example-pkg-04": {
      "version": "1.0.0",
      "resolved": "https://registry.npmjs.org/example-pkg-04/-/example-pkg-04-1.0.0.tgz"
    },
    "node_modules/example-pkg-05": {
      "version": "1.0.0",
      "resolved": "https://registry.npmjs.org/example-pkg-05/-/example-pkg-05-1.0.0.tgz"
    },
    "node_modules/example-pkg-06": {
      "version": "1.0.0",
      "resolved": "https://registry.npmjs.org/example-pkg-06/-/example-pkg-06-1.0.0.tgz"
    },
    "node_modules/example-pkg-07": {
      "version": "1.0.0",
      "resolved": "https://registry.npmjs.org/example-pkg-07/-/example-pkg-07-1.0.0.tgz"
    },
    "node_modules/example-pkg-08": {
      "version": "1.0.0",
      "resolved": "https://registry.npmjs.org/example-pkg-08/-/example-pkg-08-1.0.0.tgz"
    },
    "node_modules/example-pkg-09": {
      "version": "1.0.0",
      "resolved": "https://registry.npmjs.org/example-pkg-09/-/example-pkg-09-1.0.0.tgz"
    },
    "node_modules/example-pkg-10": {
      "version": "1.0.0",
      "resolved": "https://registry.npmjs.org/example-pkg-10/-/example-pkg-10-1.0.0.tgz"
    },
    "node_modules/example-pkg-11": {
      "version": "1.0.0",
      "resolved": "https://registry.npmjs.org/example-pkg-11/-/example-pkg-11-1.0.0.tgz"
    },
    "node_modules/example-pkg-12": {
      "version": "1.0.0",
      "resolved": "https://registry.npmjs.org/example-pkg-12/-/example-pkg-12-1.0.0.tgz"
    },
    "node_modules/example-pkg-13": {
      "version": "1.0.0",
      "resolved": "https://registry.npmjs.org/example-pkg-13/-/example-pkg-13-1.0.0.tgz"
    },
    "node_modules/example-pkg-14": {
      "version": "1.0.0",
      "resolved": "https://registry.npmjs.org/example-pkg-14/-/example-pkg-14-1.0.0.tgz"
    },
    "node_modules/example-pkg-15": {
      "version": "1.0.0",
      "resolved": "https://registry.npmjs.org/example-pkg-15/-/example-pkg-15-1.0.0.tgz"
    },
    "node_modules/example-pkg-16": {
      "version": "1.0.0",
      "resolved": "https://registry.npmjs.org/example-pkg-16/-/example-pkg-16-1.0.0.tgz"
    },
    "node_modules/example-pkg-17": {
      "version": "1.0.0",
      "resolved": "https://registry.npmjs.org/example-pkg-17/-/example-pkg-17-1.0.0.tgz"
    },
    "node_modules/example-pkg-18": {
      "version": "1.0.0",
      "resolved": "https://registry.npmjs.org/example-pkg-18/-/example-pkg-18-1.0.0.tgz"
    },
    "node_modules/example-pkg-19": {
      "version": "1.0.0",
      "resolved": "https://registry.npmjs.org/example-pkg-19/-/example-pkg-19-1.0.0.tgz"
    },
    "node_modules/example-pkg-20": {
      "version": "1.0.0",
      "resolved": "https://registry.npmjs.org/example-pkg-20/-/example-pkg-20-1.0.0.tgz"
    },
    "node_modules/example-pkg-21": {
      "version": "1.0.0",
      "resolved": "https://registry.npmjs.org/example-pkg-21/-/example-pkg-21-1.0.0.tgz"
    },
    "node_modules/example-pkg-22": {
      "version": "1.0.0",
      "resolved": "https://registry.npmjs.org/example-pkg-22/-/example-pkg-22-1.0.0.tgz"
    },
    "node_modules/example-pkg-23": {
      "version": "1.0.0",
      "resolved": "https://registry.npmjs.org/example-pkg-23/-/example-pkg-23-1.0.0.tgz"
    },
    "node_modules/example-pkg-24": {
      "version": "1.0.0",
      "resolved": "https://registry.npmjs.org/example-pkg-24/-/example-pkg-24-1.0.0.tgz"
    },
    "node_modules/example-pkg-25": {
      "version": "1.0.0",
      "resolved": "https://registry.npmjs.org/example-pkg-25/-/example-pkg-25-1.0.0.tgz"
    },
    "node_modules/example-pkg-26": {
      "version": "1.0.0",
      "resolved": "https://registry.npmjs.org/example-pkg-26/-/example-pkg-26-1.0.0.tgz"
    },
    "node_modules/example-pkg-27": {
      "version": "1.0.0",
      "resolved": "https://registry.npmjs.org/example-pkg-27/-/example-pkg-27-1.0.0.tgz"
    },
    "node_modules/example-pkg-28": {
      "version": "1.0.0",
      "resolved": "https://registry.npmjs.org/example-pkg-28/-/example-pkg-28-1.0.0.tgz"
    },
    "node_modules/example-pkg-29": {
      "version": "1.0.0",
      "resolved": "https://registry.npmjs.org/example-pkg-29/-/example-pkg-29-1.0.0.tgz"
    },
    "node_modules/example-pkg-30": {
      "version": "1.0.0",
      "resolved": "https://registry.npmjs.org/example-pkg-30/-/example-pkg-30-1.0.0.tgz"
    },
    "node_modules/example-pkg-31": {
      "version": "1.0.0",
      "resolved": "https://registry.npmjs.org/example-pkg-31/-/example-pkg-31-1.0.0.tgz"
    },
    "node_modules/example-pkg-32": {
      "version": "1.0.0",
      "resolved": "https://registry.npmjs.org/example-pkg-32/-/example-pkg-32-1.0.0.tgz"
    },
    "node_modules/example-pkg-33": {
      "version": "1.0.0",
      "resolved": "https://registry.npmjs.org/example-pkg-33/-/example-pkg-33-1.0.0.tgz"
    },
    "node_modules/example-pkg-34": {
      "version": "1.0.0",
      "resolved": "https://registry.npmjs.org/example-pkg-34/-/example-pkg-34-1.0.0.tgz"
    },
    "node_modules/example-pkg-35": {
      "version": "1.0.0",
      "resolved": "https://registry.npmjs.org/example-pkg-35/-/example-pkg-35-1.0.0.tgz"
    },
    "node_modules/example-pkg-36": {
      "version": "1.0.0",
      "resolved": "https://registry.npmjs.org/example-pkg-36/-/example-pkg-36-1.0.0.tgz"
    },
    "node_modules/example-pkg-37": {
      "version": "1.0.0",
      "resolved": "https://registry.npmjs.org/example-pkg-37/-/example-pkg-37-1.0.0.tgz"
    },
    "node_modules/example-pkg-38": {
      "version": "1.0.0",
      "resolved": "https://registry.npmjs.org/example-pkg-38/-/example-pkg-38-1.0.0.tgz"
    },
    "node_modules/example-pkg-39": {
      "version": "1.0.0",
      "resolved": "https://registry.npmjs.org/example-pkg-39/-/example-pkg-39-1.0.0.tgz"
    },
    "node_modules/example-pkg-40": {
      "version": "1.0.0",
      "resolved": "https://registry.npmjs.org/example-pkg-40/-/example-pkg-40-1.0.0.tgz"
    }
  }
}
